
Microsoft Visual Studio Solution File, Format Version 12.00
# Visual Studio 15
VisualStudioVersion = 15.0.28010.2046
MinimumVisualStudioVersion = 10.0.40219.1
Project("{FAE04EC0-301F-11D3-BF4B-00C04F79EFBC}") = "Auto_DBA", "Auto_DBA\Auto_DBA.csproj", "{5BC089ED-C972-471F-9494-013F99A46430}"
EndProject
Global
	GlobalSection(SolutionConfigurationPlatforms) = preSolution
		Debug|Any CPU = Debug|Any CPU
		Release|Any CPU = Release|Any CPU
	EndGlobalSection
	GlobalSection(ProjectConfigurationPlatforms) = postSolution
		{5BC089ED-C972-471F-9494-013F99A46430}.Debug|Any CPU.ActiveCfg = Debug|Any CPU
		{5BC089ED-C972-471F-9494-013F99A46430}.Debug|Any CPU.Build.0 = Debug|Any CPU
		{5BC089ED-C972-471F-9494-013F99A46430}.Release|Any CPU.ActiveCfg = Release|Any CPU
		{5BC089ED-C972-471F-9494-013F99A46430}.Release|Any CPU.Build.0 = Release|Any CPU
	EndGlobalSection
	GlobalSection(SolutionProperties) = preSolution
		HideSolutionNode = FALSE
	EndGlobalSection
	GlobalSection(ExtensibilityGlobals) = postSolution
		SolutionGuid = {CFAF1105-1915-4848-8407-00ECC90F06B9}
	EndGlobalSection
EndGlobal
